// !$*UTF8*$!
{
	archiveVersion = 1;
	classes = {
	};
	objectVersion = 50;
	objects = {

/* Begin PBXBuildFile section */
		95DBC66B2372DF2D007C84FB /* AppDelegate.swift in Sources */ = {isa = PBXBuildFile; fileRef = 95DBC66A2372DF2D007C84FB /* AppDelegate.swift */; };
		95DBC66D2372DF2D007C84FB /* SceneDelegate.swift in Sources */ = {isa = PBXBuildFile; fileRef = 95DBC66C2372DF2D007C84FB /* SceneDelegate.swift */; };
		95DBC66F2372DF2D007C84FB /* ContentView.swift in Sources */ = {isa = PBXBuildFile; fileRef = 95DBC66E2372DF2D007C84FB /* ContentView.swift */; };
		95DBC6712372DF2F007C84FB /* Assets.xcassets in Resources */ = {isa = PBXBuildFile; fileRef = 95DBC6702372DF2F007C84FB /* Assets.xcassets */; };
		95DBC6742372DF2F007C84FB /* Preview Assets.xcassets in Resources */ = {isa = PBXBuildFile; fileRef = 95DBC6732372DF2F007C84FB /* Preview Assets.xcassets */; };
		95DBC6772372DF2F007C84FB /* LaunchScreen.storyboard in Resources */ = {isa = PBXBuildFile; fileRef = 95DBC6752372DF2F007C84FB /* LaunchScreen.storyboard */; };
/* End PBXBuildFile section */

/* Begin PBXFileReference section */
		95DBC6672372DF2D007C84FB /* EnablingHighPerformanceMetalRenderingWithDrawingGroup.app */ = {isa = PBXFileReference; explicitFileType = wrapper.application; includeInIndex = 0; path = EnablingHighPerformanceMetalRenderingWithDrawingGroup.app; sourceTree = BUILT_PRODUCTS_DIR; };
		95DBC66A2372DF2D007C84FB /* AppDelegate.swift */ = {isa = PBXFileReference; lastKnownFileType = sourcecode.swift; path = AppDelegate.swift; sourceTree = "<group>"; };
		95DBC66C2372DF2D007C84FB /* SceneDelegate.swift */ = {isa = PBXFileReference; lastKnownFileType = sourcecode.swift; path = SceneDelegate.swift; sourceTree = "<group>"; };
		95DBC66E2372DF2D007C84FB /* ContentView.swift */ = {isa = PBXFileReference; lastKnownFileType = sourcecode.swift; path = ContentView.swift; sourceTree = "<group>"; };
		95DBC6702372DF2F007C84FB /* Assets.xcassets */ = {isa = PBXFileReference; lastKnownFileType = folder.assetcatalog; path = Assets.xcassets; sourceTree = "<group>"; };
		95DBC6732372DF2F007C84FB /* Preview Assets.xcassets */ = {isa = PBXFileReference; lastKnownFileType = folder.assetcatalog; path = "Preview Assets.xcassets"; sourceTree = "<group>"; };
		95DBC6762372DF2F007C84FB /* Base */ = {isa = PBXFileReference; lastKnownFileType = file.storyboard; name = Base; path = Base.lproj/LaunchScreen.storyboard; sourceTree = "<group>"; };
		95DBC6782372DF2F007C84FB /* Info.plist */ = {isa = PBXFileReference; lastKnownFileType = text.plist.xml; path = Info.plist; sourceTree = "<group>"; };
/* End PBXFileReference section */

/* Begin PBXFrameworksBuildPhase section */
		95DBC6642372DF2D007C84FB /* Frameworks */ = {
			isa = PBXFrameworksBuildPhase;
			buildActionMask = 2147483647;
			files = (
			);
			runOnlyForDeploymentPostprocessing = 0;
		};
/* End PBXFrameworksBuildPhase section */

/* Begin PBXGroup section */
		95DBC65E2372DF2D007C84FB = {
			isa = PBXGroup;
			children = (
				95DBC6692372DF2D007C84FB /* EnablingHighPerformanceMetalRenderingWithDrawingGroup */,
				95DBC6682372DF2D007C84FB /* Products */,
			);
			sourceTree = "<group>";
		};
		95DBC6682372DF2D007C84FB /* Products */ = {
			isa = PBXGroup;
			children = (
				95DBC6672372DF2D007C84FB /* EnablingHighPerformanceMetalRenderingWithDrawingGroup.app */,
			);
			name = Products;
			sourceTree = "<group>";
		};
		95DBC6692372DF2D007C84FB /* EnablingHighPerformanceMetalRenderingWithDrawingGroup */ = {
			isa = PBXGroup;
			children = (
				95DBC66A2372DF2D007C84FB /* AppDelegate.swift */,
				95DBC66C2372DF2D007C84FB /* SceneDelegate.swift */,
				95DBC66E2372DF2D007C84FB /* ContentView.swift */,
				95DBC6702372DF2F007C84FB /* Assets.xcassets */,
				95DBC6752372DF2F007C84FB /* LaunchScreen.storyboard */,
				95DBC6782372DF2F007C84FB /* Info.plist */,
				95DBC6722372DF2F007C84FB /* Preview Content */,
			);
			path = EnablingHighPerformanceMetalRenderingWithDrawingGroup;
			sourceTree = "<group>";
		};
		95DBC6722372DF2F007C84FB /* Preview Content */ = {
			isa = PBXGroup;
			children = (
				95DBC6732372DF2F007C84FB /* Preview Assets.xcassets */,
			);
			path = "Preview Content";
			sourceTree = "<group>";
		};
/* End PBXGroup section */

/* Begin PBXNativeTarget section */
		95DBC6662372DF2D007C84FB /* EnablingHighPerformanceMetalRenderingWithDrawingGroup */ = {
			isa = PBXNativeTarget;
			buildConfigurationList = 95DBC67B2372DF2F007C84FB /* Build configuration list for PBXNativeTarget "EnablingHighPerformanceMetalRenderingWithDrawingGroup" */;
			buildPhases = (
				95DBC6632372DF2D007C84FB /* Sources */,
				95DBC6642372DF2D007C84FB /* Frameworks */,
				95DBC6652372DF2D007C84FB /* Resources */,
			);
			buildRules = (
			);
			dependencies = (
			);
			name = EnablingHighPerformanceMetalRenderingWithDrawingGroup;
			productName = EnablingHighPerformanceMetalRenderingWithDrawingGroup;
			productReference = 95DBC6672372DF2D007C84FB /* EnablingHighPerformanceMetalRenderingWithDrawingGroup.app */;
			productType = "com.apple.product-type.application";
		};
/* End PBXNativeTarget section */

/* Begin PBXProject section */
		95DBC65F2372DF2D007C84FB /* Project object */ = {
			isa = PBXProject;
			attributes = {
				LastSwiftUpdateCheck = 1110;
				LastUpgradeCheck = 1110;
				ORGANIZATIONNAME = com.ri;
				TargetAttributes = {
					95DBC6662372DF2D007C84FB = {
						CreatedOnToolsVersion = 11.1;
					};
				};
			};
			buildConfigurationList = 95DBC6622372DF2D007C84FB /* Build configuration list for PBXProject "EnablingHighPerformanceMetalRenderingWithDrawingGroup" */;
			compatibilityVersion = "Xcode 9.3";
			developmentRegion = en;
			hasScannedForEncodings = 0;
			knownRegions = (
				en,
				Base,
			);
			mainGroup = 95DBC65E2372DF2D007C84FB;
			productRefGroup = 95DBC6682372DF2D007C84FB /* Products */;
			projectDirPath = "";
			projectRoot = "";
			targets = (
				95DBC6662372DF2D007C84FB /* EnablingHighPerformanceMetalRenderingWithDrawingGroup */,
			);
		};
/* End PBXProject section */

/* Begin PBXResourcesBuildPhase section */
		95DBC6652372DF2D007C84FB /* Resources */ = {
			isa = PBXResourcesBuildPhase;
			buildActionMask = 2147483647;
			files = (
				95DBC6772372DF2F007C84FB /* LaunchScreen.storyboard in Resources */,
				95DBC6742372DF2F007C84FB /* Preview Assets.xcassets in Resources */,
				95DBC6712372DF2F007C84FB /* Assets.xcassets in Resources */,
			);
			runOnlyForDeploymentPostprocessing = 0;
		};
/* End PBXResourcesBuildPhase section */

/* Begin PBXSourcesBuildPhase section */
		95DBC6632372DF2D007C84FB /* Sources */ = {
			isa = PBXSourcesBuildPhase;
			buildActionMask = 2147483647;
			files = (
				95DBC66B2372DF2D007C84FB /* AppDelegate.swift in Sources */,
				95DBC66D2372DF2D007C84FB /* SceneDelegate.swift in Sources */,
				95DBC66F2372DF2D007C84FB /* ContentView.swift in Sources */,
			);
			runOnlyForDeploymentPostprocessing = 0;
		};
/* End PBXSourcesBuildPhase section */

/* Begin PBXVariantGroup section */
		95DBC6752372DF2F007C84FB /* LaunchScreen.storyboard */ = {
			isa = PBXVariantGroup;
			children = (
				95DBC6762372DF2F007C84FB /* Base */,
			);
			name = LaunchScreen.storyboard;
			sourceTree = "<group>";
		};
/* End PBXVariantGroup section */

/* Begin XCBuildConfiguration section */
		95DBC6792372DF2F007C84FB /* Debug */ = {
			isa = XCBuildConfiguration;
			buildSettings = {
				ALWAYS_SEARCH_USER_PATHS = NO;
				CLANG_ANALYZER_NONNULL = YES;
				CLANG_ANALYZER_NUMBER_OBJECT_CONVERSION = YES_AGGRESSIVE;
				CLANG_CXX_LANGUAGE_STANDARD = "gnu++14";
				CLANG_CXX_LIBRARY = "libc++";
				CLANG_ENABLE_MODULES = YES;
				CLANG_ENABLE_OBJC_ARC = YES;
				CLANG_ENABLE_OBJC_WEAK = YES;
				CLANG_WARN_BLOCK_CAPTURE_AUTORELEASING = YES;
				CLANG_WARN_BOOL_CONVERSION = YES;
				CLANG_WARN_COMMA = YES;
				CLANG_WARN_CONSTANT_CONVERSION = YES;
				CLANG_WARN_DEPRECATED_OBJC_IMPLEMENTATIONS = YES;
				CLANG_WARN_DIRECT_OBJC_ISA_USAGE = YES_ERROR;
				CLANG_WARN_DOCUMENTATION_COMMENTS = YES;
				CLANG_WARN_EMPTY_BODY = YES;
				CLANG_WARN_ENUM_CONVERSION = YES;
				CLANG_WARN_INFINITE_RECURSION = YES;
				CLANG_WARN_INT_CONVERSION = YES;
				CLANG_WARN_NON_LITERAL_NULL_CONVERSION = YES;
				CLANG_WARN_OBJC_IMPLICIT_RETAIN_SELF = YES;
				CLANG_WARN_OBJC_LITERAL_CONVERSION = YES;
				CLANG_WARN_OBJC_ROOT_CLASS = YES_ERROR;
				CLANG_WARN_RANGE_LOOP_ANALYSIS = YES;
				CLANG_WARN_STRICT_PROTOTYPES = YES;
				CLANG_WARN_SUSPICIOUS_MOVE = YES;
				CLANG_WARN_UNGUARDED_AVAILABILITY = YES_AGGRESSIVE;
				CLANG_WARN_UNREACHABLE_CODE = YES;
				CLANG_WARN__DUPLICATE_METHOD_MATCH = YES;
				COPY_PHASE_STRIP = NO;
				DEBUG_INFORMATION_FORMAT = dwarf;
				ENABLE_STRICT_OBJC_MSGSEND = YES;
				ENABLE_TESTABILITY = YES;
				GCC_C_LANGUAGE_STANDARD = gnu11;
				GCC_DYNAMIC_NO_PIC = NO;
				GCC_NO_COMMON_BLOCKS = YES;
				GCC_OPTIMIZATION_LEVEL = 0;
				GCC_PREPROCESSOR_DEFINITIONS = (
					"DEBUG=1",
					"$(inherited)",
				);
				GCC_WARN_64_TO_32_BIT_CONVERSION = YES;
				GCC_WARN_ABOUT_RETURN_TYPE = YES_ERROR;
				GCC_WARN_UNDECLARED_SELECTOR = YES;
				GCC_WARN_UNINITIALIZED_AUTOS = YES_AGGRESSIVE;
				GCC_WARN_UNUSED_FUNCTION = YES;
				GCC_WARN_UNUSED_VARIABLE = YES;
				IPHONEOS_DEPLOYMENT_TARGET = 13.1;
				MTL_ENABLE_DEBUG_INFO = INCLUDE_SOURCE;
				MTL_FAST_MATH = YES;
				ONLY_ACTIVE_ARCH = YES;
				SDKROOT = iphoneos;
				SWIFT_ACTIVE_COMPILATION_CONDITIONS = DEBUG;
				SWIFT_OPTIMIZATION_LEVEL = "-Onone";
			};
			name = Debug;
		};
		95DBC67A2372DF2F007C84FB /* Release */ = {
			isa = XCBuildConfiguration;
			buildSettings = {
				ALWAYS_SEARCH_USER_PATHS = NO;
				CLANG_ANALYZER_NONNULL = YES;
				CLANG_ANALYZER_NUMBER_OBJECT_CONVERSION = YES_AGGRESSIVE;
				CLANG_CXX_LANGUAGE_STANDARD = "gnu++14";
				CLANG_CXX_LIBRARY = "libc++";
				CLANG_ENABLE_MODULES = YES;
				CLANG_ENABLE_OBJC_ARC = YES;
				CLANG_ENABLE_OBJC_WEAK = YES;
				CLANG_WARN_BLOCK_CAPTURE_AUTORELEASING = YES;
				CLANG_WARN_BOOL_CONVERSION = YES;
				CLANG_WARN_COMMA = YES;
				CLANG_WARN_CONSTANT_CONVERSION = YES;
				CLANG_WARN_DEPRECATED_OBJC_IMPLEMENTATIONS = YES;
				CLANG_WARN_DIRECT_OBJC_ISA_USAGE = YES_ERROR;
				CLANG_WARN_DOCUMENTATION_COMMENTS = YES;
				CLANG_WARN_EMPTY_BODY = YES;
				CLANG_WARN_ENUM_CONVERSION = YES;
				CLANG_WARN_INFINITE_RECURSION = YES;
				CLANG_WARN_INT_CONVERSION = YES;
				CLANG_WARN_NON_LITERAL_NULL_CONVERSION = YES;
				CLANG_WARN_OBJC_IMPLICIT_RETAIN_SELF = YES;
				CLANG_WARN_OBJC_LITERAL_CONVERSION = YES;
				CLANG_WARN_OBJC_ROOT_CLASS = YES_ERROR;
				CLANG_WARN_RANGE_LOOP_ANALYSIS = YES;
				CLANG_WARN_STRICT_PROTOTYPES = YES;
				CLANG_WARN_SUSPICIOUS_MOVE = YES;
				CLANG_WARN_UNGUARDED_AVAILABILITY = YES_AGGRESSIVE;
				CLANG_WARN_UNREACHABLE_CODE = YES;
				CLANG_WARN__DUPLICATE_METHOD_MATCH = YES;
				COPY_PHASE_STRIP = NO;
				DEBUG_INFORMATION_FORMAT = "dwarf-with-dsym";
				ENABLE_NS_ASSERTIONS = NO;
				ENABLE_STRICT_OBJC_MSGSEND = YES;
				GCC_C_LANGUAGE_STANDARD = gnu11;
				GCC_NO_COMMON_BLOCKS = YES;
				GCC_WARN_64_TO_32_BIT_CONVERSION = YES;
				GCC_WARN_ABOUT_RETURN_TYPE = YES_ERROR;
				GCC_WARN_UNDECLARED_SELECTOR = YES;
				GCC_WARN_UNINITIALIZED_AUTOS = YES_AGGRESSIVE;
				GCC_WARN_UNUSED_FUNCTION = YES;
				GCC_WARN_UNUSED_VARIABLE = YES;
				IPHONEOS_DEPLOYMENT_TARGET = 13.1;
				MTL_ENABLE_DEBUG_INFO = NO;
				MTL_FAST_MATH = YES;
				SDKROOT = iphoneos;
				SWIFT_COMPILATION_MODE = wholemodule;
				SWIFT_OPTIMIZATION_LEVEL = "-O";
				VALIDATE_PRODUCT = YES;
			};
			name = Release;
		};
		95DBC67C2372DF2F007C84FB /* Debug */ = {
			isa = XCBuildConfiguration;
			buildSettings = {
				ASSETCATALOG_COMPILER_APPICON_NAME = AppIcon;
				CODE_SIGN_STYLE = Automatic;
				DEVELOPMENT_ASSET_PATHS = "\"EnablingHighPerformanceMetalRenderingWithDrawingGroup/Preview Content\"";
				DEVELOPMENT_TEAM = L8W86DZDY2;
				ENABLE_PREVIEWS = YES;
				INFOPLIST_FILE = EnablingHighPerformanceMetalRenderingWithDrawingGroup/Info.plist;
				LD_RUNPATH_SEARCH_PATHS = (
					"$(inherited)",
					"@executable_path/Frameworks",
				);
				PRODUCT_BUNDLE_IDENTIFIER = com.ri.EnablingHighPerformanceMetalRenderingWithDrawingGroup;
				PRODUCT_NAME = "$(TARGET_NAME)";
				SWIFT_VERSION = 5.0;
				TARGETED_DEVICE_FAMILY = "1,2";
			};
			name = Debug;
		};
		95DBC67D2372DF2F007C84FB /* Release */ = {
			isa = XCBuildConfiguration;
			buildSettings = {
				ASSETCATALOG_COMPILER_APPICON_NAME = AppIcon;
				CODE_SIGN_STYLE = Automatic;
				DEVELOPMENT_ASSET_PATHS = "\"EnablingHighPerformanceMetalRenderingWithDrawingGroup/Preview Content\"";
				DEVELOPMENT_TEAM = L8W86DZDY2;
				ENABLE_PREVIEWS = YES;
				INFOPLIST_FILE = EnablingHighPerformanceMetalRenderingWithDrawingGroup/Info.plist;
				LD_RUNPATH_SEARCH_PATHS = (
					"$(inherited)",
					"@executable_path/Frameworks",
				);
				PRODUCT_BUNDLE_IDENTIFIER = com.ri.EnablingHighPerformanceMetalRenderingWithDrawingGroup;
				PRODUCT_NAME = "$(TARGET_NAME)";
				SWIFT_VERSION = 5.0;
				TARGETED_DEVICE_FAMILY = "1,2";
			};
			name = Release;
		};
/* End XCBuildConfiguration section */

/* Begin XCConfigurationList section */
		95DBC6622372DF2D007C84FB /* Build configuration list for PBXProject "EnablingHighPerformanceMetalRenderingWithDrawingGroup" */ = {
			isa = XCConfigurationList;
			buildConfigurations = (
				95DBC6792372DF2F007C84FB /* Debug */,
				95DBC67A2372DF2F007C84FB /* Release */,
			);
			defaultConfigurationIsVisible = 0;
			defaultConfigurationName = Release;
		};
		95DBC67B2372DF2F007C84FB /* Build configuration list for PBXNativeTarget "EnablingHighPerformanceMetalRenderingWithDrawingGroup" */ = {
			isa = XCConfigurationList;
			buildConfigurations = (
				95DBC67C2372DF2F007C84FB /* Debug */,
				95DBC67D2372DF2F007C84FB /* Release */,
			);
			defaultConfigurationIsVisible = 0;
			defaultConfigurationName = Release;
		};
/* End XCConfigurationList section */
	};
	rootObject = 95DBC65F2372DF2D007C84FB /* Project object */;
}
